
Microsoft Visual Studio Solution File, Format Version 12.00
Project("{FAE04EC0-301F-11D3-BF4B-00C04F79EFBC}") = "Taskplanner", "Taskplanner\Taskplanner.csproj", "{CBE96BD3-9A76-4F52-A9C6-435646F7C777}"
EndProject
Project("{FAE04EC0-301F-11D3-BF4B-00C04F79EFBC}") = "Taskplanner.Tests", "Taskplanner.Tests\Taskplanner.Tests.csproj", "{26115C7A-5C2B-4D3E-A573-3017E3422FAC}"
EndProject
Global
	GlobalSection(SolutionConfigurationPlatforms) = preSolution
		Debug|Any CPU = Debug|Any CPU
		Debug|x64 = Debug|x64
		Debug|x86 = Debug|x86
		Release|Any CPU = Release|Any CPU
		Release|x64 = Release|x64
		Release|x86 = Release|x86
	EndGlobalSection
	GlobalSection(ProjectConfigurationPlatforms) = postSolution
		{CBE96BD3-9A76-4F52-A9C6-435646F7C777}.Debug|Any CPU.ActiveCfg = Debug|Any CPU
		{CBE96BD3-9A76-4F52-A9C6-435646F7C777}.Debug|Any CPU.Build.0 = Debug|Any CPU
		{CBE96BD3-9A76-4F52-A9C6-435646F7C777}.Debug|x64.ActiveCfg = Debug|Any CPU
		{CBE96BD3-9A76-4F52-A9C6-435646F7C777}.Debug|x64.Build.0 = Debug|Any CPU
		{CBE96BD3-9A76-4F52-A9C6-435646F7C777}.Debug|x86.ActiveCfg = Debug|Any CPU
		{CBE96BD3-9A76-4F52-A9C6-435646F7C777}.Debug|x86.Build.0 = Debug|Any CPU
		{CBE96BD3-9A76-4F52-A9C6-435646F7C777}.Release|Any CPU.ActiveCfg = Release|Any CPU
		{CBE96BD3-9A76-4F52-A9C6-435646F7C777}.Release|Any CPU.Build.0 = Release|Any CPU
		{CBE96BD3-9A76-4F52-A9C6-435646F7C777}.Release|x64.ActiveCfg = Release|Any CPU
		{CBE96BD3-9A76-4F52-A9C6-435646F7C777}.Release|x64.Build.0 = Release|Any CPU
		{CBE96BD3-9A76-4F52-A9C6-435646F7C777}.Release|x86.ActiveCfg = Release|Any CPU
		{CBE96BD3-9A76-4F52-A9C6-435646F7C777}.Release|x86.Build.0 = Release|Any CPU
		{26115C7A-5C2B-4D3E-A573-3017E3422FAC}.Debug|Any CPU.ActiveCfg = Debug|Any CPU
		{26115C7A-5C2B-4D3E-A573-3017E3422FAC}.Debug|Any CPU.Build.0 = Debug|Any CPU
		{26115C7A-5C2B-4D3E-A573-3017E3422FAC}.Debug|x64.ActiveCfg = Debug|Any CPU
		{26115C7A-5C2B-4D3E-A573-3017E3422FAC}.Debug|x64.Build.0 = Debug|Any CPU
		{26115C7A-5C2B-4D3E-A573-3017E3422FAC}.Debug|x86.ActiveCfg = Debug|Any CPU
		{26115C7A-5C2B-4D3E-A573-3017E3422FAC}.Debug|x86.Build.0 = Debug|Any CPU
		{26115C7A-5C2B-4D3E-A573-3017E3422FAC}.Release|Any CPU.ActiveCfg = Release|Any CPU
		{26115C7A-5C2B-4D3E-A573-3017E3422FAC}.Release|Any CPU.Build.0 = Release|Any CPU
		{26115C7A-5C2B-4D3E-A573-3017E3422FAC}.Release|x64.ActiveCfg = Release|Any CPU
		{26115C7A-5C2B-4D3E-A573-3017E3422FAC}.Release|x64.Build.0 = Release|Any CPU
		{26115C7A-5C2B-4D3E-A573-3017E3422FAC}.Release|x86.ActiveCfg = Release|Any CPU
		{26115C7A-5C2B-4D3E-A573-3017E3422FAC}.Release|x86.Build.0 = Release|Any CPU
	EndGlobalSection
	GlobalSection(SolutionProperties) = preSolution
		HideSolutionNode = FALSE
	EndGlobalSection
EndGlobal
